{
  "name": "wertshawn",
  "lockfileVersion": 3,
  "requires": true,
  "packages": {
    "": {
      "dependencies": {
        "@wert-io/widget-initializer": "^6.8.1"
      }
    },
    "node_modules/@wert-io/widget-initializer": {
      "version": "6.8.1",
      "resolved": "https://registry.npmjs.org/@wert-io/widget-initializer/-/widget-initializer-6.8.1.tgz",
      "integrity": "sha512-IFexluv++TLJMUU/j458gOVYhifaiLamlAJ3M5qFOh6UM8y6/QR90KYBjqvwJX/XURy9Kj13Rv5a3Z5lknW+dQ==",
      "license": "ISC"
    }
  }
}
